
Microsoft Visual Studio Solution File, Format Version 12.00
# Visual Studio Version 17
VisualStudioVersion = 17.5.33414.496
MinimumVisualStudioVersion = 10.0.40219.1
Project("{FAE04EC0-301F-11D3-BF4B-00C04F79EFBC}") = "POO_Tarde1", "POO_Tarde1\POO_Tarde1.csproj", "{B7FF4C67-4207-4AD6-9DE7-B7D5A97CF8C4}"
EndProject
Global
	GlobalSection(SolutionConfigurationPlatforms) = preSolution
		Debug|Any CPU = Debug|Any CPU
		Release|Any CPU = Release|Any CPU
	EndGlobalSection
	GlobalSection(ProjectConfigurationPlatforms) = postSolution
		{B7FF4C67-4207-4AD6-9DE7-B7D5A97CF8C4}.Debug|Any CPU.ActiveCfg = Debug|Any CPU
		{B7FF4C67-4207-4AD6-9DE7-B7D5A97CF8C4}.Debug|Any CPU.Build.0 = Debug|Any CPU
		{B7FF4C67-4207-4AD6-9DE7-B7D5A97CF8C4}.Release|Any CPU.ActiveCfg = Release|Any CPU
		{B7FF4C67-4207-4AD6-9DE7-B7D5A97CF8C4}.Release|Any CPU.Build.0 = Release|Any CPU
	EndGlobalSection
	GlobalSection(SolutionProperties) = preSolution
		HideSolutionNode = FALSE
	EndGlobalSection
	GlobalSection(ExtensibilityGlobals) = postSolution
		SolutionGuid = {EEBF97F4-21CC-4191-818B-EFCBDD59C957}
	EndGlobalSection
EndGlobal
